
Microsoft Visual Studio Solution File, Format Version 12.00
# Visual Studio 2013
VisualStudioVersion = 12.0.31101.0
MinimumVisualStudioVersion = 10.0.40219.1
Project("{2150E333-8FDC-42A3-9474-1A3956D46DE8}") = "Content", "Content", "{90C8D99D-A14E-448E-95F3-EC5362B21442}"
EndProject
Project("{2150E333-8FDC-42A3-9474-1A3956D46DE8}") = "Executables", "Executables", "{C3716291-F185-4BEC-92B0-9C7162866E15}"
EndProject
Project("{2150E333-8FDC-42A3-9474-1A3956D46DE8}") = "Core", "Core", "{18F1142F-4864-4BBD-8588-464EC9DE328D}"
EndProject
Project("{FAE04EC0-301F-11D3-BF4B-00C04F79EFBC}") = "Menu System Content", "Menu System Content\Menu System Content.contentproj", "{631E93C0-2D1E-4C77-93D2-00053B58944C}"
EndProject
Project("{FAE04EC0-301F-11D3-BF4B-00C04F79EFBC}") = "Shared Content", "SharedContent\Shared Content.csproj", "{CA67D82F-4385-46B4-9233-11A6F1051D48}"
EndProject
Project("{FAE04EC0-301F-11D3-BF4B-00C04F79EFBC}") = "Game Core", "Game Core\Game Core.csproj", "{3E95C825-650A-44E6-80AA-C0299699CE73}"
EndProject
Project("{2150E333-8FDC-42A3-9474-1A3956D46DE8}") = "Installers", "Installers", "{6579C0DD-DD3A-4C63-8E12-D91D036C813F}"
EndProject
Project("{FAE04EC0-301F-11D3-BF4B-00C04F79EFBC}") = "ZAsteroids", "ZAsteroids\ZAsteroids.csproj", "{A4E925AB-6EAB-4415-82C1-B6AB383C43B0}"
EndProject
Project("{FAE04EC0-301F-11D3-BF4B-00C04F79EFBC}") = "BaseContent", "BaseContent\BaseContent.contentproj", "{1910BC22-F33C-4953-91DF-8E2E97C93C53}"
EndProject
Project("{FAE04EC0-301F-11D3-BF4B-00C04F79EFBC}") = "ZAsteroids Intermed Content", "ZAsteroids Intermed Content\ZAsteroids Intermed Content.csproj", "{F8379F67-DB2E-4C09-9CF4-F15DBEC4EA3E}"
EndProject
Project("{FAE04EC0-301F-11D3-BF4B-00C04F79EFBC}") = "SFXContent", "SFXContent\SFXContent.contentproj", "{82928580-959B-4CF5-B4A8-773B0DE0D675}"
EndProject
Project("{FAE04EC0-301F-11D3-BF4B-00C04F79EFBC}") = "EffectContent", "EffectContent\EffectContent.contentproj", "{A83896A2-8B84-4DDB-BDF6-33C6A2A94CC4}"
EndProject
Global
	GlobalSection(SolutionConfigurationPlatforms) = preSolution
		Debug|Any CPU = Debug|Any CPU
		Debug|x86 = Debug|x86
		Release|Any CPU = Release|Any CPU
		Release|x86 = Release|x86
	EndGlobalSection
	GlobalSection(ProjectConfigurationPlatforms) = postSolution
		{631E93C0-2D1E-4C77-93D2-00053B58944C}.Debug|Any CPU.ActiveCfg = Debug|Any CPU
		{631E93C0-2D1E-4C77-93D2-00053B58944C}.Debug|x86.ActiveCfg = Debug|Any CPU
		{631E93C0-2D1E-4C77-93D2-00053B58944C}.Release|Any CPU.ActiveCfg = Debug|Any CPU
		{631E93C0-2D1E-4C77-93D2-00053B58944C}.Release|x86.ActiveCfg = Debug|Any CPU
		{CA67D82F-4385-46B4-9233-11A6F1051D48}.Debug|Any CPU.ActiveCfg = Debug|x86
		{CA67D82F-4385-46B4-9233-11A6F1051D48}.Debug|Any CPU.Build.0 = Debug|x86
		{CA67D82F-4385-46B4-9233-11A6F1051D48}.Debug|x86.ActiveCfg = Debug|x86
		{CA67D82F-4385-46B4-9233-11A6F1051D48}.Debug|x86.Build.0 = Debug|x86
		{CA67D82F-4385-46B4-9233-11A6F1051D48}.Release|Any CPU.ActiveCfg = Release|x86
		{CA67D82F-4385-46B4-9233-11A6F1051D48}.Release|Any CPU.Build.0 = Release|x86
		{CA67D82F-4385-46B4-9233-11A6F1051D48}.Release|x86.ActiveCfg = Release|x86
		{CA67D82F-4385-46B4-9233-11A6F1051D48}.Release|x86.Build.0 = Release|x86
		{3E95C825-650A-44E6-80AA-C0299699CE73}.Debug|Any CPU.ActiveCfg = Debug|x86
		{3E95C825-650A-44E6-80AA-C0299699CE73}.Debug|Any CPU.Build.0 = Debug|x86
		{3E95C825-650A-44E6-80AA-C0299699CE73}.Debug|x86.ActiveCfg = Debug|x86
		{3E95C825-650A-44E6-80AA-C0299699CE73}.Debug|x86.Build.0 = Debug|x86
		{3E95C825-650A-44E6-80AA-C0299699CE73}.Release|Any CPU.ActiveCfg = Release|x86
		{3E95C825-650A-44E6-80AA-C0299699CE73}.Release|Any CPU.Build.0 = Release|x86
		{3E95C825-650A-44E6-80AA-C0299699CE73}.Release|x86.ActiveCfg = Release|x86
		{3E95C825-650A-44E6-80AA-C0299699CE73}.Release|x86.Build.0 = Release|x86
		{A4E925AB-6EAB-4415-82C1-B6AB383C43B0}.Debug|Any CPU.ActiveCfg = Debug|x86
		{A4E925AB-6EAB-4415-82C1-B6AB383C43B0}.Debug|Any CPU.Build.0 = Debug|x86
		{A4E925AB-6EAB-4415-82C1-B6AB383C43B0}.Debug|x86.ActiveCfg = Debug|x86
		{A4E925AB-6EAB-4415-82C1-B6AB383C43B0}.Debug|x86.Build.0 = Debug|x86
		{A4E925AB-6EAB-4415-82C1-B6AB383C43B0}.Release|Any CPU.ActiveCfg = Release|x86
		{A4E925AB-6EAB-4415-82C1-B6AB383C43B0}.Release|Any CPU.Build.0 = Release|x86
		{A4E925AB-6EAB-4415-82C1-B6AB383C43B0}.Release|x86.ActiveCfg = Release|x86
		{A4E925AB-6EAB-4415-82C1-B6AB383C43B0}.Release|x86.Build.0 = Release|x86
		{1910BC22-F33C-4953-91DF-8E2E97C93C53}.Debug|Any CPU.ActiveCfg = Debug|Any CPU
		{1910BC22-F33C-4953-91DF-8E2E97C93C53}.Debug|x86.ActiveCfg = Debug|Any CPU
		{1910BC22-F33C-4953-91DF-8E2E97C93C53}.Release|Any CPU.ActiveCfg = Debug|Any CPU
		{1910BC22-F33C-4953-91DF-8E2E97C93C53}.Release|x86.ActiveCfg = Debug|Any CPU
		{F8379F67-DB2E-4C09-9CF4-F15DBEC4EA3E}.Debug|Any CPU.ActiveCfg = Debug|x86
		{F8379F67-DB2E-4C09-9CF4-F15DBEC4EA3E}.Debug|Any CPU.Build.0 = Debug|x86
		{F8379F67-DB2E-4C09-9CF4-F15DBEC4EA3E}.Debug|x86.ActiveCfg = Debug|x86
		{F8379F67-DB2E-4C09-9CF4-F15DBEC4EA3E}.Debug|x86.Build.0 = Debug|x86
		{F8379F67-DB2E-4C09-9CF4-F15DBEC4EA3E}.Release|Any CPU.ActiveCfg = Release|x86
		{F8379F67-DB2E-4C09-9CF4-F15DBEC4EA3E}.Release|Any CPU.Build.0 = Release|x86
		{F8379F67-DB2E-4C09-9CF4-F15DBEC4EA3E}.Release|x86.ActiveCfg = Release|x86
		{F8379F67-DB2E-4C09-9CF4-F15DBEC4EA3E}.Release|x86.Build.0 = Release|x86
		{82928580-959B-4CF5-B4A8-773B0DE0D675}.Debug|Any CPU.ActiveCfg = Debug|Any CPU
		{82928580-959B-4CF5-B4A8-773B0DE0D675}.Debug|x86.ActiveCfg = Debug|Any CPU
		{82928580-959B-4CF5-B4A8-773B0DE0D675}.Release|Any CPU.ActiveCfg = Debug|Any CPU
		{82928580-959B-4CF5-B4A8-773B0DE0D675}.Release|x86.ActiveCfg = Debug|Any CPU
		{A83896A2-8B84-4DDB-BDF6-33C6A2A94CC4}.Debug|Any CPU.ActiveCfg = Debug|Any CPU
		{A83896A2-8B84-4DDB-BDF6-33C6A2A94CC4}.Debug|x86.ActiveCfg = Debug|Any CPU
		{A83896A2-8B84-4DDB-BDF6-33C6A2A94CC4}.Release|Any CPU.ActiveCfg = Debug|Any CPU
		{A83896A2-8B84-4DDB-BDF6-33C6A2A94CC4}.Release|x86.ActiveCfg = Debug|Any CPU
	EndGlobalSection
	GlobalSection(SolutionProperties) = preSolution
		HideSolutionNode = FALSE
	EndGlobalSection
	GlobalSection(NestedProjects) = preSolution
		{631E93C0-2D1E-4C77-93D2-00053B58944C} = {90C8D99D-A14E-448E-95F3-EC5362B21442}
		{CA67D82F-4385-46B4-9233-11A6F1051D48} = {18F1142F-4864-4BBD-8588-464EC9DE328D}
		{3E95C825-650A-44E6-80AA-C0299699CE73} = {18F1142F-4864-4BBD-8588-464EC9DE328D}
		{A4E925AB-6EAB-4415-82C1-B6AB383C43B0} = {C3716291-F185-4BEC-92B0-9C7162866E15}
		{1910BC22-F33C-4953-91DF-8E2E97C93C53} = {90C8D99D-A14E-448E-95F3-EC5362B21442}
		{F8379F67-DB2E-4C09-9CF4-F15DBEC4EA3E} = {C3716291-F185-4BEC-92B0-9C7162866E15}
		{82928580-959B-4CF5-B4A8-773B0DE0D675} = {90C8D99D-A14E-448E-95F3-EC5362B21442}
		{A83896A2-8B84-4DDB-BDF6-33C6A2A94CC4} = {90C8D99D-A14E-448E-95F3-EC5362B21442}
	EndGlobalSection
EndGlobal
